
Microsoft Visual Studio Solution File, Format Version 12.00
# Visual Studio Version 17
VisualStudioVersion = 17.6.33723.286
MinimumVisualStudioVersion = 10.0.40219.1
Project("{FAE04EC0-301F-11D3-BF4B-00C04F79EFBC}") = "HomeTask_15EF", "HomeTask_15EF\HomeTask_15EF.csproj", "{6EDFC056-7809-4AE3-B3E0-CDF7AC11424E}"
EndProject
Global
	GlobalSection(SolutionConfigurationPlatforms) = preSolution
		Debug|Any CPU = Debug|Any CPU
		Release|Any CPU = Release|Any CPU
	EndGlobalSection
	GlobalSection(ProjectConfigurationPlatforms) = postSolution
		{6EDFC056-7809-4AE3-B3E0-CDF7AC11424E}.Debug|Any CPU.ActiveCfg = Debug|Any CPU
		{6EDFC056-7809-4AE3-B3E0-CDF7AC11424E}.Debug|Any CPU.Build.0 = Debug|Any CPU
		{6EDFC056-7809-4AE3-B3E0-CDF7AC11424E}.Release|Any CPU.ActiveCfg = Release|Any CPU
		{6EDFC056-7809-4AE3-B3E0-CDF7AC11424E}.Release|Any CPU.Build.0 = Release|Any CPU
	EndGlobalSection
	GlobalSection(SolutionProperties) = preSolution
		HideSolutionNode = FALSE
	EndGlobalSection
	GlobalSection(ExtensibilityGlobals) = postSolution
		SolutionGuid = {DD2A9334-533B-4BD3-8B2B-5FCE0B81F0CB}
	EndGlobalSection
EndGlobal
