
Microsoft Visual Studio Solution File, Format Version 12.00
# Visual Studio Version 17
VisualStudioVersion = 17.4.33205.214
MinimumVisualStudioVersion = 10.0.40219.1
Project("{FAE04EC0-301F-11D3-BF4B-00C04F79EFBC}") = "HomeTask4", "HomeTask4\HomeTask4.csproj", "{8D9EBDFF-5817-4511-B1DF-6ABA74C48C25}"
EndProject
Global
	GlobalSection(SolutionConfigurationPlatforms) = preSolution
		Debug|Any CPU = Debug|Any CPU
		Release|Any CPU = Release|Any CPU
	EndGlobalSection
	GlobalSection(ProjectConfigurationPlatforms) = postSolution
		{8D9EBDFF-5817-4511-B1DF-6ABA74C48C25}.Debug|Any CPU.ActiveCfg = Debug|Any CPU
		{8D9EBDFF-5817-4511-B1DF-6ABA74C48C25}.Debug|Any CPU.Build.0 = Debug|Any CPU
		{8D9EBDFF-5817-4511-B1DF-6ABA74C48C25}.Release|Any CPU.ActiveCfg = Release|Any CPU
		{8D9EBDFF-5817-4511-B1DF-6ABA74C48C25}.Release|Any CPU.Build.0 = Release|Any CPU
	EndGlobalSection
	GlobalSection(SolutionProperties) = preSolution
		HideSolutionNode = FALSE
	EndGlobalSection
	GlobalSection(ExtensibilityGlobals) = postSolution
		SolutionGuid = {CFF341CC-E7F2-4F89-8755-B2A825E985BB}
	EndGlobalSection
EndGlobal
